
Microsoft Visual Studio Solution File, Format Version 12.00
# Visual Studio 2013
VisualStudioVersion = 12.0.21005.1
MinimumVisualStudioVersion = 10.0.40219.1
Project("{FAE04EC0-301F-11D3-BF4B-00C04F79EFBC}") = "Seven", "Seven\Seven.csproj", "{9F8E4738-7AA5-4D37-964F-83CFAEEDE8AA}"
EndProject
Project("{FAE04EC0-301F-11D3-BF4B-00C04F79EFBC}") = "Tutorial_DataStructures", "Tutorials\Tutorial_DataStructures\Tutorial_DataStructures.csproj", "{8794293F-9538-4EF4-A5E7-AB7CB920D5CE}"
EndProject
Project("{2150E333-8FDC-42A3-9474-1A3956D46DE8}") = "Tutorials", "Tutorials", "{02FC0F1C-4ECF-4D68-814F-A465E83951C3}"
EndProject
Project("{FAE04EC0-301F-11D3-BF4B-00C04F79EFBC}") = "Tutorial_Mathematics", "Tutorials\Tutorial_Mathematics\Tutorial_Mathematics.csproj", "{719DB797-AEE0-4883-AA96-AAE477C1F957}"
EndProject
Project("{2150E333-8FDC-42A3-9474-1A3956D46DE8}") = "Testing", "Testing", "{2A339966-75AA-4099-A181-661FFA2784DF}"
EndProject
Project("{FAE04EC0-301F-11D3-BF4B-00C04F79EFBC}") = "Testing_Mathematics", "Testing\Testing_Mathematics\Testing_Mathematics.csproj", "{8BAC51BE-EA1C-4F48-8F89-C8B2081ABF01}"
EndProject
Global
	GlobalSection(SolutionConfigurationPlatforms) = preSolution
		Debug|Any CPU = Debug|Any CPU
		Release +Unsafe -Errors|Any CPU = Release +Unsafe -Errors|Any CPU
		Release +Unsafe|Any CPU = Release +Unsafe|Any CPU
		Release|Any CPU = Release|Any CPU
	EndGlobalSection
	GlobalSection(ProjectConfigurationPlatforms) = postSolution
		{9F8E4738-7AA5-4D37-964F-83CFAEEDE8AA}.Debug|Any CPU.ActiveCfg = Debug|Any CPU
		{9F8E4738-7AA5-4D37-964F-83CFAEEDE8AA}.Debug|Any CPU.Build.0 = Debug|Any CPU
		{9F8E4738-7AA5-4D37-964F-83CFAEEDE8AA}.Release +Unsafe -Errors|Any CPU.ActiveCfg = Release +Unsafe -Errors|Any CPU
		{9F8E4738-7AA5-4D37-964F-83CFAEEDE8AA}.Release +Unsafe -Errors|Any CPU.Build.0 = Release +Unsafe -Errors|Any CPU
		{9F8E4738-7AA5-4D37-964F-83CFAEEDE8AA}.Release +Unsafe|Any CPU.ActiveCfg = Release +Unsafe|Any CPU
		{9F8E4738-7AA5-4D37-964F-83CFAEEDE8AA}.Release +Unsafe|Any CPU.Build.0 = Release +Unsafe|Any CPU
		{9F8E4738-7AA5-4D37-964F-83CFAEEDE8AA}.Release|Any CPU.ActiveCfg = Release|Any CPU
		{9F8E4738-7AA5-4D37-964F-83CFAEEDE8AA}.Release|Any CPU.Build.0 = Release|Any CPU
		{8794293F-9538-4EF4-A5E7-AB7CB920D5CE}.Debug|Any CPU.ActiveCfg = Debug|Any CPU
		{8794293F-9538-4EF4-A5E7-AB7CB920D5CE}.Debug|Any CPU.Build.0 = Debug|Any CPU
		{8794293F-9538-4EF4-A5E7-AB7CB920D5CE}.Release +Unsafe -Errors|Any CPU.ActiveCfg = Release +Unsafe -Errors|Any CPU
		{8794293F-9538-4EF4-A5E7-AB7CB920D5CE}.Release +Unsafe -Errors|Any CPU.Build.0 = Release +Unsafe -Errors|Any CPU
		{8794293F-9538-4EF4-A5E7-AB7CB920D5CE}.Release +Unsafe|Any CPU.ActiveCfg = Release +Unsafe|Any CPU
		{8794293F-9538-4EF4-A5E7-AB7CB920D5CE}.Release +Unsafe|Any CPU.Build.0 = Release +Unsafe|Any CPU
		{8794293F-9538-4EF4-A5E7-AB7CB920D5CE}.Release|Any CPU.ActiveCfg = Release|Any CPU
		{8794293F-9538-4EF4-A5E7-AB7CB920D5CE}.Release|Any CPU.Build.0 = Release|Any CPU
		{719DB797-AEE0-4883-AA96-AAE477C1F957}.Debug|Any CPU.ActiveCfg = Debug|Any CPU
		{719DB797-AEE0-4883-AA96-AAE477C1F957}.Debug|Any CPU.Build.0 = Debug|Any CPU
		{719DB797-AEE0-4883-AA96-AAE477C1F957}.Release +Unsafe -Errors|Any CPU.ActiveCfg = Release +Unsafe -Errors|Any CPU
		{719DB797-AEE0-4883-AA96-AAE477C1F957}.Release +Unsafe -Errors|Any CPU.Build.0 = Release +Unsafe -Errors|Any CPU
		{719DB797-AEE0-4883-AA96-AAE477C1F957}.Release +Unsafe|Any CPU.ActiveCfg = Release +Unsafe|Any CPU
		{719DB797-AEE0-4883-AA96-AAE477C1F957}.Release +Unsafe|Any CPU.Build.0 = Release +Unsafe|Any CPU
		{719DB797-AEE0-4883-AA96-AAE477C1F957}.Release|Any CPU.ActiveCfg = Release|Any CPU
		{719DB797-AEE0-4883-AA96-AAE477C1F957}.Release|Any CPU.Build.0 = Release|Any CPU
		{8BAC51BE-EA1C-4F48-8F89-C8B2081ABF01}.Debug|Any CPU.ActiveCfg = Debug|Any CPU
		{8BAC51BE-EA1C-4F48-8F89-C8B2081ABF01}.Debug|Any CPU.Build.0 = Debug|Any CPU
		{8BAC51BE-EA1C-4F48-8F89-C8B2081ABF01}.Release +Unsafe -Errors|Any CPU.ActiveCfg = Release +Unsafe -Errors|Any CPU
		{8BAC51BE-EA1C-4F48-8F89-C8B2081ABF01}.Release +Unsafe -Errors|Any CPU.Build.0 = Release +Unsafe -Errors|Any CPU
		{8BAC51BE-EA1C-4F48-8F89-C8B2081ABF01}.Release +Unsafe|Any CPU.ActiveCfg = Release +Unsafe|Any CPU
		{8BAC51BE-EA1C-4F48-8F89-C8B2081ABF01}.Release +Unsafe|Any CPU.Build.0 = Release +Unsafe|Any CPU
		{8BAC51BE-EA1C-4F48-8F89-C8B2081ABF01}.Release|Any CPU.ActiveCfg = Release|Any CPU
		{8BAC51BE-EA1C-4F48-8F89-C8B2081ABF01}.Release|Any CPU.Build.0 = Release|Any CPU
	EndGlobalSection
	GlobalSection(SolutionProperties) = preSolution
		HideSolutionNode = FALSE
	EndGlobalSection
	GlobalSection(NestedProjects) = preSolution
		{8794293F-9538-4EF4-A5E7-AB7CB920D5CE} = {02FC0F1C-4ECF-4D68-814F-A465E83951C3}
		{719DB797-AEE0-4883-AA96-AAE477C1F957} = {02FC0F1C-4ECF-4D68-814F-A465E83951C3}
		{8BAC51BE-EA1C-4F48-8F89-C8B2081ABF01} = {2A339966-75AA-4099-A181-661FFA2784DF}
	EndGlobalSection
EndGlobal
